
Microsoft Visual Studio Solution File, Format Version 12.00
# Visual Studio Version 16
VisualStudioVersion = 16.0.29102.190
MinimumVisualStudioVersion = 10.0.40219.1
Project("{9A19103F-16F7-4668-BE54-9A1E7A4F7556}") = "Publisher", "Publisher\Publisher.csproj", "{E5867CC1-78AB-4174-9304-AED4CD3410A3}"
EndProject
Project("{9A19103F-16F7-4668-BE54-9A1E7A4F7556}") = "Consumer1", "Consumer\Consumer1\Consumer1.csproj", "{30E1635C-2F68-4B40-B30F-D3447F6A4BAC}"
EndProject
Project("{9A19103F-16F7-4668-BE54-9A1E7A4F7556}") = "Consumer2", "Consumer\Consumer2\Consumer2.csproj", "{F6A683DD-0821-40F8-8D70-4F85E786741D}"
EndProject
Global
	GlobalSection(SolutionConfigurationPlatforms) = preSolution
		Debug|Any CPU = Debug|Any CPU
		Release|Any CPU = Release|Any CPU
	EndGlobalSection
	GlobalSection(ProjectConfigurationPlatforms) = postSolution
		{E5867CC1-78AB-4174-9304-AED4CD3410A3}.Debug|Any CPU.ActiveCfg = Debug|Any CPU
		{E5867CC1-78AB-4174-9304-AED4CD3410A3}.Debug|Any CPU.Build.0 = Debug|Any CPU
		{E5867CC1-78AB-4174-9304-AED4CD3410A3}.Release|Any CPU.ActiveCfg = Release|Any CPU
		{E5867CC1-78AB-4174-9304-AED4CD3410A3}.Release|Any CPU.Build.0 = Release|Any CPU
		{30E1635C-2F68-4B40-B30F-D3447F6A4BAC}.Debug|Any CPU.ActiveCfg = Debug|Any CPU
		{30E1635C-2F68-4B40-B30F-D3447F6A4BAC}.Debug|Any CPU.Build.0 = Debug|Any CPU
		{30E1635C-2F68-4B40-B30F-D3447F6A4BAC}.Release|Any CPU.ActiveCfg = Release|Any CPU
		{30E1635C-2F68-4B40-B30F-D3447F6A4BAC}.Release|Any CPU.Build.0 = Release|Any CPU
		{F6A683DD-0821-40F8-8D70-4F85E786741D}.Debug|Any CPU.ActiveCfg = Debug|Any CPU
		{F6A683DD-0821-40F8-8D70-4F85E786741D}.Debug|Any CPU.Build.0 = Debug|Any CPU
		{F6A683DD-0821-40F8-8D70-4F85E786741D}.Release|Any CPU.ActiveCfg = Release|Any CPU
		{F6A683DD-0821-40F8-8D70-4F85E786741D}.Release|Any CPU.Build.0 = Release|Any CPU
	EndGlobalSection
	GlobalSection(SolutionProperties) = preSolution
		HideSolutionNode = FALSE
	EndGlobalSection
	GlobalSection(ExtensibilityGlobals) = postSolution
		SolutionGuid = {591CF650-597B-4CCB-8CED-2248939182D3}
	EndGlobalSection
EndGlobal
